
Microsoft Visual Studio Solution File, Format Version 9.00
# Visual Studio 2005
Project("{8BC9CEB8-8B4A-11D0-8D11-00A0C91BC942}") = "sauerbraten", "cube.vcproj", "{06594C6D-6DA9-49DC-9A91-8F47221DDCFD}"
EndProject
Global
	GlobalSection(SolutionConfigurationPlatforms) = preSolution
		Debug|Win32 = Debug|Win32
		Profile|Win32 = Profile|Win32
		Release|Win32 = Release|Win32
	EndGlobalSection
	GlobalSection(ProjectConfigurationPlatforms) = postSolution
		{06594C6D-6DA9-49DC-9A91-8F47221DDCFD}.Debug|Win32.ActiveCfg = Debug|Win32
		{06594C6D-6DA9-49DC-9A91-8F47221DDCFD}.Debug|Win32.Build.0 = Debug|Win32
		{06594C6D-6DA9-49DC-9A91-8F47221DDCFD}.Profile|Win32.ActiveCfg = Profile|Win32
		{06594C6D-6DA9-49DC-9A91-8F47221DDCFD}.Profile|Win32.Build.0 = Profile|Win32
		{06594C6D-6DA9-49DC-9A91-8F47221DDCFD}.Release|Win32.ActiveCfg = Release|Win32
		{06594C6D-6DA9-49DC-9A91-8F47221DDCFD}.Release|Win32.Build.0 = Release|Win32
	EndGlobalSection
	GlobalSection(SolutionProperties) = preSolution
		HideSolutionNode = FALSE
	EndGlobalSection
EndGlobal
